
Microsoft Visual Studio Solution File, Format Version 12.00
# Visual Studio Version 16
VisualStudioVersion = 16.0.31613.86
MinimumVisualStudioVersion = 10.0.40219.1
Project("{FAE04EC0-301F-11D3-BF4B-00C04F79EFBC}") = "picture box", "picture box\picture box.csproj", "{AFA5B67C-04C5-4C96-8E24-FD519CCB79F2}"
EndProject
Global
	GlobalSection(SolutionConfigurationPlatforms) = preSolution
		Debug|Any CPU = Debug|Any CPU
		Release|Any CPU = Release|Any CPU
	EndGlobalSection
	GlobalSection(ProjectConfigurationPlatforms) = postSolution
		{AFA5B67C-04C5-4C96-8E24-FD519CCB79F2}.Debug|Any CPU.ActiveCfg = Debug|Any CPU
		{AFA5B67C-04C5-4C96-8E24-FD519CCB79F2}.Debug|Any CPU.Build.0 = Debug|Any CPU
		{AFA5B67C-04C5-4C96-8E24-FD519CCB79F2}.Release|Any CPU.ActiveCfg = Release|Any CPU
		{AFA5B67C-04C5-4C96-8E24-FD519CCB79F2}.Release|Any CPU.Build.0 = Release|Any CPU
	EndGlobalSection
	GlobalSection(SolutionProperties) = preSolution
		HideSolutionNode = FALSE
	EndGlobalSection
	GlobalSection(ExtensibilityGlobals) = postSolution
		SolutionGuid = {84006592-7620-435C-B6B7-647B99DE68C1}
	EndGlobalSection
EndGlobal
