
Microsoft Visual Studio Solution File, Format Version 12.00
# Visual Studio Version 16
VisualStudioVersion = 16.0.31613.86
MinimumVisualStudioVersion = 10.0.40219.1
Project("{FAE04EC0-301F-11D3-BF4B-00C04F79EFBC}") = "messagebox", "messagebox\messagebox.csproj", "{D1A3B9B4-4BC4-4945-B13D-45E887B69142}"
EndProject
Global
	GlobalSection(SolutionConfigurationPlatforms) = preSolution
		Debug|Any CPU = Debug|Any CPU
		Release|Any CPU = Release|Any CPU
	EndGlobalSection
	GlobalSection(ProjectConfigurationPlatforms) = postSolution
		{D1A3B9B4-4BC4-4945-B13D-45E887B69142}.Debug|Any CPU.ActiveCfg = Debug|Any CPU
		{D1A3B9B4-4BC4-4945-B13D-45E887B69142}.Debug|Any CPU.Build.0 = Debug|Any CPU
		{D1A3B9B4-4BC4-4945-B13D-45E887B69142}.Release|Any CPU.ActiveCfg = Release|Any CPU
		{D1A3B9B4-4BC4-4945-B13D-45E887B69142}.Release|Any CPU.Build.0 = Release|Any CPU
	EndGlobalSection
	GlobalSection(SolutionProperties) = preSolution
		HideSolutionNode = FALSE
	EndGlobalSection
	GlobalSection(ExtensibilityGlobals) = postSolution
		SolutionGuid = {2E83F734-DF3A-4A0B-8CC6-1F502E26B13E}
	EndGlobalSection
EndGlobal
