
Microsoft Visual Studio Solution File, Format Version 12.00
# Visual Studio Version 16
VisualStudioVersion = 16.0.31702.278
MinimumVisualStudioVersion = 10.0.40219.1
Project("{FAE04EC0-301F-11D3-BF4B-00C04F79EFBC}") = "1911147_lab4_controls", "1911147_lab4_controls\1911147_lab4_controls.csproj", "{D787785A-F8E6-41FE-8928-176A6880EBA8}"
EndProject
Global
	GlobalSection(SolutionConfigurationPlatforms) = preSolution
		Debug|Any CPU = Debug|Any CPU
		Release|Any CPU = Release|Any CPU
	EndGlobalSection
	GlobalSection(ProjectConfigurationPlatforms) = postSolution
		{D787785A-F8E6-41FE-8928-176A6880EBA8}.Debug|Any CPU.ActiveCfg = Debug|Any CPU
		{D787785A-F8E6-41FE-8928-176A6880EBA8}.Debug|Any CPU.Build.0 = Debug|Any CPU
		{D787785A-F8E6-41FE-8928-176A6880EBA8}.Release|Any CPU.ActiveCfg = Release|Any CPU
		{D787785A-F8E6-41FE-8928-176A6880EBA8}.Release|Any CPU.Build.0 = Release|Any CPU
	EndGlobalSection
	GlobalSection(SolutionProperties) = preSolution
		HideSolutionNode = FALSE
	EndGlobalSection
	GlobalSection(ExtensibilityGlobals) = postSolution
		SolutionGuid = {C2C53396-DA40-416B-AD62-FDB6CF2FBC52}
	EndGlobalSection
EndGlobal
