
Microsoft Visual Studio Solution File, Format Version 12.00
# Visual Studio Version 16
VisualStudioVersion = 16.0.31613.86
MinimumVisualStudioVersion = 10.0.40219.1
Project("{FAE04EC0-301F-11D3-BF4B-00C04F79EFBC}") = "j.Tab control", "j.Tab control\j.Tab control.csproj", "{F6DF2EC0-F288-414D-AFCA-BC31ABCEA0F9}"
EndProject
Global
	GlobalSection(SolutionConfigurationPlatforms) = preSolution
		Debug|Any CPU = Debug|Any CPU
		Release|Any CPU = Release|Any CPU
	EndGlobalSection
	GlobalSection(ProjectConfigurationPlatforms) = postSolution
		{F6DF2EC0-F288-414D-AFCA-BC31ABCEA0F9}.Debug|Any CPU.ActiveCfg = Debug|Any CPU
		{F6DF2EC0-F288-414D-AFCA-BC31ABCEA0F9}.Debug|Any CPU.Build.0 = Debug|Any CPU
		{F6DF2EC0-F288-414D-AFCA-BC31ABCEA0F9}.Release|Any CPU.ActiveCfg = Release|Any CPU
		{F6DF2EC0-F288-414D-AFCA-BC31ABCEA0F9}.Release|Any CPU.Build.0 = Release|Any CPU
	EndGlobalSection
	GlobalSection(SolutionProperties) = preSolution
		HideSolutionNode = FALSE
	EndGlobalSection
	GlobalSection(ExtensibilityGlobals) = postSolution
		SolutionGuid = {5D6CE875-65DA-43F5-B441-4C3F4809D93B}
	EndGlobalSection
EndGlobal
