
Microsoft Visual Studio Solution File, Format Version 12.00
# Visual Studio Version 16
VisualStudioVersion = 16.0.31613.86
MinimumVisualStudioVersion = 10.0.40219.1
Project("{FAE04EC0-301F-11D3-BF4B-00C04F79EFBC}") = "1911147_Baitapcodemo_buoi3", "1911147_Baitapcodemo_buoi3\1911147_Baitapcodemo_buoi3.csproj", "{7D696EDD-109E-45DC-A480-3223D912A048}"
EndProject
Global
	GlobalSection(SolutionConfigurationPlatforms) = preSolution
		Debug|Any CPU = Debug|Any CPU
		Release|Any CPU = Release|Any CPU
	EndGlobalSection
	GlobalSection(ProjectConfigurationPlatforms) = postSolution
		{7D696EDD-109E-45DC-A480-3223D912A048}.Debug|Any CPU.ActiveCfg = Debug|Any CPU
		{7D696EDD-109E-45DC-A480-3223D912A048}.Debug|Any CPU.Build.0 = Debug|Any CPU
		{7D696EDD-109E-45DC-A480-3223D912A048}.Release|Any CPU.ActiveCfg = Release|Any CPU
		{7D696EDD-109E-45DC-A480-3223D912A048}.Release|Any CPU.Build.0 = Release|Any CPU
	EndGlobalSection
	GlobalSection(SolutionProperties) = preSolution
		HideSolutionNode = FALSE
	EndGlobalSection
	GlobalSection(ExtensibilityGlobals) = postSolution
		SolutionGuid = {469D072E-5E02-4979-B617-866360CA4D59}
	EndGlobalSection
EndGlobal
