
Microsoft Visual Studio Solution File, Format Version 12.00
# Visual Studio Version 16
VisualStudioVersion = 16.0.31613.86
MinimumVisualStudioVersion = 10.0.40219.1
Project("{FAE04EC0-301F-11D3-BF4B-00C04F79EFBC}") = "login", "login\login.csproj", "{79969E58-7869-4476-87B0-60B5E38A192E}"
EndProject
Global
	GlobalSection(SolutionConfigurationPlatforms) = preSolution
		Debug|Any CPU = Debug|Any CPU
		Release|Any CPU = Release|Any CPU
	EndGlobalSection
	GlobalSection(ProjectConfigurationPlatforms) = postSolution
		{79969E58-7869-4476-87B0-60B5E38A192E}.Debug|Any CPU.ActiveCfg = Debug|Any CPU
		{79969E58-7869-4476-87B0-60B5E38A192E}.Debug|Any CPU.Build.0 = Debug|Any CPU
		{79969E58-7869-4476-87B0-60B5E38A192E}.Release|Any CPU.ActiveCfg = Release|Any CPU
		{79969E58-7869-4476-87B0-60B5E38A192E}.Release|Any CPU.Build.0 = Release|Any CPU
	EndGlobalSection
	GlobalSection(SolutionProperties) = preSolution
		HideSolutionNode = FALSE
	EndGlobalSection
	GlobalSection(ExtensibilityGlobals) = postSolution
		SolutionGuid = {F4A1F332-4036-4177-96B3-F97600D733BB}
	EndGlobalSection
EndGlobal
