
Microsoft Visual Studio Solution File, Format Version 12.00
# Visual Studio Version 16
VisualStudioVersion = 16.0.31613.86
MinimumVisualStudioVersion = 10.0.40219.1
Project("{FAE04EC0-301F-11D3-BF4B-00C04F79EFBC}") = "1911147_lab2", "1911147_lab2\1911147_lab2.csproj", "{4528E575-9919-4120-94ED-69A72DE01CCF}"
EndProject
Global
	GlobalSection(SolutionConfigurationPlatforms) = preSolution
		Debug|Any CPU = Debug|Any CPU
		Release|Any CPU = Release|Any CPU
	EndGlobalSection
	GlobalSection(ProjectConfigurationPlatforms) = postSolution
		{4528E575-9919-4120-94ED-69A72DE01CCF}.Debug|Any CPU.ActiveCfg = Debug|Any CPU
		{4528E575-9919-4120-94ED-69A72DE01CCF}.Debug|Any CPU.Build.0 = Debug|Any CPU
		{4528E575-9919-4120-94ED-69A72DE01CCF}.Release|Any CPU.ActiveCfg = Release|Any CPU
		{4528E575-9919-4120-94ED-69A72DE01CCF}.Release|Any CPU.Build.0 = Release|Any CPU
	EndGlobalSection
	GlobalSection(SolutionProperties) = preSolution
		HideSolutionNode = FALSE
	EndGlobalSection
	GlobalSection(ExtensibilityGlobals) = postSolution
		SolutionGuid = {78AC4D30-50C7-4D71-81D8-0789EC465055}
	EndGlobalSection
EndGlobal
